{
  "name": "editor",
  "version": "1.0.0",
  "lockfileVersion": 1,
  "requires": true,
  "dependencies": {
    "nan": {
      "version": "2.10.0",
      "resolved": "http://registry.npmjs.org/nan/-/nan-2.10.0.tgz",
      "integrity": "sha512-bAdJv7fBLhWC+/Bls0Oza+mvTaNQtP+1RyhhhvD95pgUJz6XM5IzgmxOkItJ9tkoCiplvAnXI1tNmmUD/eScyA=="
    },
    "node-pty": {
      "version": "0.7.8",
      "resolved": "https://registry.npmjs.org/node-pty/-/node-pty-0.7.8.tgz",
      "integrity": "sha512-2c2tZtGnvIJUWw8fDipxO953Mytqc5/IdRZK+YF52NtFMNTuWCQ41QDLEx76W64MEZkfDMoZyah6KPmyW1LO7g==",
      "requires": {
        "nan": "2.10.0"
      }
    }
  }
}
